# generated by rye
# use `rye lock` or `rye sync` to update this lockfile
#
# last locked with the following flags:
#   pre: false
#   features: []
#   all-features: false
#   with-sources: false
#   generate-hashes: false
#   universal: false

-e file:.
aiohttp==3.9.5
    # via ipldstore
aiosignal==1.3.1
    # via aiohttp
asciitree==0.3.3
    # via zarr
async-timeout==4.0.3
    # via aiohttp
attrs==23.2.0
    # via aiohttp
bases==0.2.1
    # via multiformats
cbor2==5.6.4
    # via ipldstore
certifi==2024.7.4
    # via netcdf4
    # via requests
cftime==1.6.4
    # via netcdf4
    # via xarray
charset-normalizer==3.3.2
    # via requests
click==8.1.7
    # via dask
    # via distributed
cloudpickle==3.0.0
    # via dask
    # via distributed
dag-cbor==0.2.2
    # via ipldstore
dask==2024.7.0
    # via distributed
    # via ipldstore
distributed==2024.7.0
    # via dask
fasteners==0.19
    # via zarr
frozenlist==1.4.1
    # via aiohttp
    # via aiosignal
fsspec==2024.6.1
    # via dask
    # via dc-etl
    # via kerchunk
    # via xarray
h5netcdf==1.3.0
    # via xarray
h5py==3.11.0
    # via h5netcdf
    # via kerchunk
idna==3.7
    # via requests
    # via yarl
importlib-metadata==8.0.0
    # via dask
ipldstore @ git+https://github.com/dClimate/ipldstore@9d4ba08119a00388fef91f7a709d9490e7def0e5
    # via dc-etl
jinja2==3.1.4
    # via distributed
kerchunk==0.2.6
    # via dc-etl
locket==1.0.0
    # via distributed
    # via partd
markupsafe==2.1.5
    # via jinja2
msgpack==1.0.8
    # via distributed
multidict==6.0.5
    # via aiohttp
    # via yarl
multiformats==0.2.1
    # via dag-cbor
    # via ipldstore
    # via multiformats-config
multiformats-config==0.2.0.post4
    # via ipldstore
    # via multiformats
netcdf4==1.7.1.post1
    # via xarray
numcodecs==0.13.0
    # via dc-etl
    # via ipldstore
    # via kerchunk
    # via zarr
numpy==2.0.0
    # via cftime
    # via dc-etl
    # via h5py
    # via kerchunk
    # via netcdf4
    # via numcodecs
    # via pandas
    # via scipy
    # via xarray
    # via zarr
orjson==3.10.6
    # via dc-etl
packaging==24.1
    # via dask
    # via distributed
    # via h5netcdf
    # via pooch
    # via xarray
pandas==2.2.2
    # via xarray
partd==1.4.2
    # via dask
platformdirs==4.2.2
    # via pooch
pooch==1.8.2
    # via xarray
psutil==6.0.0
    # via distributed
    # via ipldstore
pure-protobuf==3.1.0
    # via ipldstore
py-hamt @ git+https://github.com/dClimate/py-hamt@0dff1ca67258c1ed697128c9a007329160a186a7
    # via ipldstore
python-dateutil==2.9.0.post0
    # via pandas
pytz==2024.1
    # via pandas
pyyaml==6.0.1
    # via dask
    # via dc-etl
    # via distributed
requests==2.32.3
    # via ipldstore
    # via pooch
scipy==1.14.0
    # via xarray
six==1.16.0
    # via python-dateutil
sortedcontainers==2.4.0
    # via distributed
tblib==3.0.0
    # via distributed
toolz==0.12.1
    # via dask
    # via distributed
    # via partd
tornado==6.4.1
    # via distributed
typing-extensions==4.12.2
    # via bases
    # via ipldstore
    # via multiformats
    # via pure-protobuf
typing-validation==0.0.2
    # via bases
    # via dag-cbor
    # via ipldstore
    # via multiformats
tzdata==2024.1
    # via pandas
ujson==5.10.0
    # via kerchunk
urllib3==2.2.2
    # via distributed
    # via requests
xarray==2024.6.0
    # via dc-etl
    # via kerchunk
yarl==1.9.4
    # via aiohttp
zarr==2.18.2
    # via ipldstore
    # via kerchunk
    # via xarray
zict==3.0.0
    # via distributed
zipp==3.19.2
    # via importlib-metadata
